
Microsoft Visual Studio Solution File, Format Version 12.00
# Visual Studio 15
VisualStudioVersion = 15.0.27130.2010
MinimumVisualStudioVersion = 10.0.40219.1
Project("{2150E333-8FDC-42A3-9474-1A3956D46DE8}") = "src", "src", "{023757D9-8A8D-42BF-9345-69C8FD6CA59A}"
EndProject
Project("{9A19103F-16F7-4668-BE54-9A1E7A4F7556}") = "ObjectPools", "src\ObjectPools\ObjectPools.csproj", "{C9A9D3EB-AA54-4692-8F00-91EC7358601D}"
EndProject
Global
	GlobalSection(SolutionConfigurationPlatforms) = preSolution
		Debug|Any CPU = Debug|Any CPU
		Release|Any CPU = Release|Any CPU
	EndGlobalSection
	GlobalSection(ProjectConfigurationPlatforms) = postSolution
		{C9A9D3EB-AA54-4692-8F00-91EC7358601D}.Debug|Any CPU.ActiveCfg = Debug|Any CPU
		{C9A9D3EB-AA54-4692-8F00-91EC7358601D}.Debug|Any CPU.Build.0 = Debug|Any CPU
		{C9A9D3EB-AA54-4692-8F00-91EC7358601D}.Release|Any CPU.ActiveCfg = Release|Any CPU
		{C9A9D3EB-AA54-4692-8F00-91EC7358601D}.Release|Any CPU.Build.0 = Release|Any CPU
	EndGlobalSection
	GlobalSection(SolutionProperties) = preSolution
		HideSolutionNode = FALSE
	EndGlobalSection
	GlobalSection(NestedProjects) = preSolution
		{C9A9D3EB-AA54-4692-8F00-91EC7358601D} = {023757D9-8A8D-42BF-9345-69C8FD6CA59A}
	EndGlobalSection
	GlobalSection(ExtensibilityGlobals) = postSolution
		SolutionGuid = {96E153B2-8947-421F-9CDD-345E9D9EE587}
	EndGlobalSection
EndGlobal
