
Microsoft Visual Studio Solution File, Format Version 12.00
# Visual Studio 15
VisualStudioVersion = 15.0.27130.2010
MinimumVisualStudioVersion = 10.0.40219.1
Project("{FAE04EC0-301F-11D3-BF4B-00C04F79EFBC}") = "ObjectPools", "ObjectPools\ObjectPools.csproj", "{39B3ECFF-12F8-4D07-AE44-CDC8639CD93E}"
EndProject
Global
	GlobalSection(SolutionConfigurationPlatforms) = preSolution
		Debug|Any CPU = Debug|Any CPU
		Release|Any CPU = Release|Any CPU
	EndGlobalSection
	GlobalSection(ProjectConfigurationPlatforms) = postSolution
		{39B3ECFF-12F8-4D07-AE44-CDC8639CD93E}.Debug|Any CPU.ActiveCfg = Debug|Any CPU
		{39B3ECFF-12F8-4D07-AE44-CDC8639CD93E}.Debug|Any CPU.Build.0 = Debug|Any CPU
		{39B3ECFF-12F8-4D07-AE44-CDC8639CD93E}.Release|Any CPU.ActiveCfg = Release|Any CPU
		{39B3ECFF-12F8-4D07-AE44-CDC8639CD93E}.Release|Any CPU.Build.0 = Release|Any CPU
	EndGlobalSection
	GlobalSection(SolutionProperties) = preSolution
		HideSolutionNode = FALSE
	EndGlobalSection
	GlobalSection(ExtensibilityGlobals) = postSolution
		SolutionGuid = {96E153B2-8947-421F-9CDD-345E9D9EE587}
	EndGlobalSection
EndGlobal
